
Microsoft Visual Studio Solution File, Format Version 12.00
# Visual Studio Version 16
VisualStudioVersion = 16.0.29503.13
MinimumVisualStudioVersion = 10.0.40219.1
Project("{FAE04EC0-301F-11D3-BF4B-00C04F79EFBC}") = "HW4", "HW4\HW4.csproj", "{76E029FD-0BB4-4975-8BC4-858F3C61FF9A}"
EndProject
Global
	GlobalSection(SolutionConfigurationPlatforms) = preSolution
		Debug|Any CPU = Debug|Any CPU
		Release|Any CPU = Release|Any CPU
	EndGlobalSection
	GlobalSection(ProjectConfigurationPlatforms) = postSolution
		{76E029FD-0BB4-4975-8BC4-858F3C61FF9A}.Debug|Any CPU.ActiveCfg = Debug|Any CPU
		{76E029FD-0BB4-4975-8BC4-858F3C61FF9A}.Debug|Any CPU.Build.0 = Debug|Any CPU
		{76E029FD-0BB4-4975-8BC4-858F3C61FF9A}.Release|Any CPU.ActiveCfg = Release|Any CPU
		{76E029FD-0BB4-4975-8BC4-858F3C61FF9A}.Release|Any CPU.Build.0 = Release|Any CPU
	EndGlobalSection
	GlobalSection(SolutionProperties) = preSolution
		HideSolutionNode = FALSE
	EndGlobalSection
	GlobalSection(ExtensibilityGlobals) = postSolution
		SolutionGuid = {A31A5855-A836-47A2-8AF2-2B76E3189490}
	EndGlobalSection
EndGlobal
