
Microsoft Visual Studio Solution File, Format Version 12.00
# Visual Studio Version 16
VisualStudioVersion = 16.0.29509.3
MinimumVisualStudioVersion = 10.0.40219.1
Project("{FAE04EC0-301F-11D3-BF4B-00C04F79EFBC}") = "MyCalcLib", "MyCalcLib\MyCalcLib.csproj", "{8C8B3409-CB06-42EC-B832-7D5D112B6C4B}"
EndProject
Project("{FAE04EC0-301F-11D3-BF4B-00C04F79EFBC}") = "MyCalcTests", "MyCalcTests\MyCalcTests.csproj", "{AD612D06-E5B7-4995-8206-4D14C3DF8126}"
EndProject
Global
	GlobalSection(SolutionConfigurationPlatforms) = preSolution
		Debug|Any CPU = Debug|Any CPU
		Release|Any CPU = Release|Any CPU
	EndGlobalSection
	GlobalSection(ProjectConfigurationPlatforms) = postSolution
		{8C8B3409-CB06-42EC-B832-7D5D112B6C4B}.Debug|Any CPU.ActiveCfg = Debug|Any CPU
		{8C8B3409-CB06-42EC-B832-7D5D112B6C4B}.Debug|Any CPU.Build.0 = Debug|Any CPU
		{8C8B3409-CB06-42EC-B832-7D5D112B6C4B}.Release|Any CPU.ActiveCfg = Release|Any CPU
		{8C8B3409-CB06-42EC-B832-7D5D112B6C4B}.Release|Any CPU.Build.0 = Release|Any CPU
		{AD612D06-E5B7-4995-8206-4D14C3DF8126}.Debug|Any CPU.ActiveCfg = Debug|Any CPU
		{AD612D06-E5B7-4995-8206-4D14C3DF8126}.Debug|Any CPU.Build.0 = Debug|Any CPU
		{AD612D06-E5B7-4995-8206-4D14C3DF8126}.Release|Any CPU.ActiveCfg = Release|Any CPU
		{AD612D06-E5B7-4995-8206-4D14C3DF8126}.Release|Any CPU.Build.0 = Release|Any CPU
	EndGlobalSection
	GlobalSection(SolutionProperties) = preSolution
		HideSolutionNode = FALSE
	EndGlobalSection
	GlobalSection(ExtensibilityGlobals) = postSolution
		SolutionGuid = {BD524410-C59F-4529-8CFB-E16A57A469EA}
	EndGlobalSection
EndGlobal
