
Microsoft Visual Studio Solution File, Format Version 12.00
# Visual Studio Version 16
VisualStudioVersion = 16.0.29503.13
MinimumVisualStudioVersion = 10.0.40219.1
Project("{FAE04EC0-301F-11D3-BF4B-00C04F79EFBC}") = "HW9", "HW9\HW9.csproj", "{D9E01756-4BB8-4399-99E0-F3FB5B95E596}"
EndProject
Global
	GlobalSection(SolutionConfigurationPlatforms) = preSolution
		Debug|Any CPU = Debug|Any CPU
		Release|Any CPU = Release|Any CPU
	EndGlobalSection
	GlobalSection(ProjectConfigurationPlatforms) = postSolution
		{D9E01756-4BB8-4399-99E0-F3FB5B95E596}.Debug|Any CPU.ActiveCfg = Debug|Any CPU
		{D9E01756-4BB8-4399-99E0-F3FB5B95E596}.Debug|Any CPU.Build.0 = Debug|Any CPU
		{D9E01756-4BB8-4399-99E0-F3FB5B95E596}.Release|Any CPU.ActiveCfg = Release|Any CPU
		{D9E01756-4BB8-4399-99E0-F3FB5B95E596}.Release|Any CPU.Build.0 = Release|Any CPU
	EndGlobalSection
	GlobalSection(SolutionProperties) = preSolution
		HideSolutionNode = FALSE
	EndGlobalSection
	GlobalSection(ExtensibilityGlobals) = postSolution
		SolutionGuid = {4A52E079-0E1D-43A1-AEBE-6CDE15B032BB}
	EndGlobalSection
EndGlobal
