
Microsoft Visual Studio Solution File, Format Version 12.00
# Visual Studio Version 16
VisualStudioVersion = 16.0.29424.173
MinimumVisualStudioVersion = 10.0.40219.1
Project("{FAE04EC0-301F-11D3-BF4B-00C04F79EFBC}") = "task4", "task4\task4.csproj", "{3D511E3B-2B4D-4E48-A70E-201CFB684B0B}"
EndProject
Global
	GlobalSection(SolutionConfigurationPlatforms) = preSolution
		Debug|Any CPU = Debug|Any CPU
		Release|Any CPU = Release|Any CPU
	EndGlobalSection
	GlobalSection(ProjectConfigurationPlatforms) = postSolution
		{3D511E3B-2B4D-4E48-A70E-201CFB684B0B}.Debug|Any CPU.ActiveCfg = Debug|Any CPU
		{3D511E3B-2B4D-4E48-A70E-201CFB684B0B}.Debug|Any CPU.Build.0 = Debug|Any CPU
		{3D511E3B-2B4D-4E48-A70E-201CFB684B0B}.Release|Any CPU.ActiveCfg = Release|Any CPU
		{3D511E3B-2B4D-4E48-A70E-201CFB684B0B}.Release|Any CPU.Build.0 = Release|Any CPU
	EndGlobalSection
	GlobalSection(SolutionProperties) = preSolution
		HideSolutionNode = FALSE
	EndGlobalSection
	GlobalSection(ExtensibilityGlobals) = postSolution
		SolutionGuid = {7F360F90-4FC5-4228-93E5-83398E453EBB}
	EndGlobalSection
EndGlobal
